// !$*UTF8*$!
{
	archiveVersion = 1;
	classes = {
	};
	objectVersion = 55;
	objects = {

/* Begin PBXBuildFile section */
		DB0A0D5726B19DAB0032297B /* AppDelegate.swift in Sources */ = {isa = PBXBuildFile; fileRef = DB0A0D5626B19DAB0032297B /* AppDelegate.swift */; };
		DB0A0D5926B19DAB0032297B /* SceneDelegate.swift in Sources */ = {isa = PBXBuildFile; fileRef = DB0A0D5826B19DAB0032297B /* SceneDelegate.swift */; };
		DB0A0D5B26B19DAB0032297B /* ViewController.swift in Sources */ = {isa = PBXBuildFile; fileRef = DB0A0D5A26B19DAB0032297B /* ViewController.swift */; };
		DB0A0D5E26B19DAB0032297B /* Main.storyboard in Resources */ = {isa = PBXBuildFile; fileRef = DB0A0D5C26B19DAB0032297B /* Main.storyboard */; };
		DB0A0D6126B19DAB0032297B /* StoryBoardIntro.xcdatamodeld in Sources */ = {isa = PBXBuildFile; fileRef = DB0A0D5F26B19DAB0032297B /* StoryBoardIntro.xcdatamodeld */; };
		DB0A0D6326B19DAD0032297B /* Assets.xcassets in Resources */ = {isa = PBXBuildFile; fileRef = DB0A0D6226B19DAD0032297B /* Assets.xcassets */; };
		DB0A0D6626B19DAD0032297B /* LaunchScreen.storyboard in Resources */ = {isa = PBXBuildFile; fileRef = DB0A0D6426B19DAD0032297B /* LaunchScreen.storyboard */; };
		DB0A0D7126B19DAD0032297B /* StoryBoardIntroTests.swift in Sources */ = {isa = PBXBuildFile; fileRef = DB0A0D7026B19DAD0032297B /* StoryBoardIntroTests.swift */; };
		DB0A0D7B26B19DAD0032297B /* StoryBoardIntroUITests.swift in Sources */ = {isa = PBXBuildFile; fileRef = DB0A0D7A26B19DAD0032297B /* StoryBoardIntroUITests.swift */; };
/* End PBXBuildFile section */

/* Begin PBXContainerItemProxy section */
		DB0A0D6D26B19DAD0032297B /* PBXContainerItemProxy */ = {
			isa = PBXContainerItemProxy;
			containerPortal = DB0A0D4B26B19DAB0032297B /* Project object */;
			proxyType = 1;
			remoteGlobalIDString = DB0A0D5226B19DAB0032297B;
			remoteInfo = StoryBoardIntro;
		};
		DB0A0D7726B19DAD0032297B /* PBXContainerItemProxy */ = {
			isa = PBXContainerItemProxy;
			containerPortal = DB0A0D4B26B19DAB0032297B /* Project object */;
			proxyType = 1;
			remoteGlobalIDString = DB0A0D5226B19DAB0032297B;
			remoteInfo = StoryBoardIntro;
		};
/* End PBXContainerItemProxy section */

/* Begin PBXFileReference section */
		DB0A0D5326B19DAB0032297B /* StoryBoardIntro.app */ = {isa = PBXFileReference; explicitFileType = wrapper.application; includeInIndex = 0; path = StoryBoardIntro.app; sourceTree = BUILT_PRODUCTS_DIR; };
		DB0A0D5626B19DAB0032297B /* AppDelegate.swift */ = {isa = PBXFileReference; lastKnownFileType = sourcecode.swift; path = AppDelegate.swift; sourceTree = "<group>"; };
		DB0A0D5826B19DAB0032297B /* SceneDelegate.swift */ = {isa = PBXFileReference; lastKnownFileType = sourcecode.swift; path = SceneDelegate.swift; sourceTree = "<group>"; };
		DB0A0D5A26B19DAB0032297B /* ViewController.swift */ = {isa = PBXFileReference; lastKnownFileType = sourcecode.swift; path = ViewController.swift; sourceTree = "<group>"; };
		DB0A0D5D26B19DAB0032297B /* Base */ = {isa = PBXFileReference; lastKnownFileType = file.storyboard; name = Base; path = Base.lproj/Main.storyboard; sourceTree = "<group>"; };
		DB0A0D6026B19DAB0032297B /* StoryBoardIntro.xcdatamodel */ = {isa = PBXFileReference; lastKnownFileType = wrapper.xcdatamodel; path = StoryBoardIntro.xcdatamodel; sourceTree = "<group>"; };
		DB0A0D6226B19DAD0032297B /* Assets.xcassets */ = {isa = PBXFileReference; lastKnownFileType = folder.assetcatalog; path = Assets.xcassets; sourceTree = "<group>"; };
		DB0A0D6526B19DAD0032297B /* Base */ = {isa = PBXFileReference; lastKnownFileType = file.storyboard; name = Base; path = Base.lproj/LaunchScreen.storyboard; sourceTree = "<group>"; };
		DB0A0D6726B19DAD0032297B /* Info.plist */ = {isa = PBXFileReference; lastKnownFileType = text.plist.xml; path = Info.plist; sourceTree = "<group>"; };
		DB0A0D6C26B19DAD0032297B /* StoryBoardIntroTests.xctest */ = {isa = PBXFileReference; explicitFileType = wrapper.cfbundle; includeInIndex = 0; path = StoryBoardIntroTests.xctest; sourceTree = BUILT_PRODUCTS_DIR; };
		DB0A0D7026B19DAD0032297B /* StoryBoardIntroTests.swift */ = {isa = PBXFileReference; lastKnownFileType = sourcecode.swift; path = StoryBoardIntroTests.swift; sourceTree = "<group>"; };
		DB0A0D7626B19DAD0032297B /* StoryBoardIntroUITests.xctest */ = {isa = PBXFileReference; explicitFileType = wrapper.cfbundle; includeInIndex = 0; path = StoryBoardIntroUITests.xctest; sourceTree = BUILT_PRODUCTS_DIR; };
		DB0A0D7A26B19DAD0032297B /* StoryBoardIntroUITests.swift */ = {isa = PBXFileReference; lastKnownFileType = sourcecode.swift; path = StoryBoardIntroUITests.swift; sourceTree = "<group>"; };
/* End PBXFileReference section */

/* Begin PBXFrameworksBuildPhase section */
		DB0A0D5026B19DAB0032297B /* Frameworks */ = {
			isa = PBXFrameworksBuildPhase;
			buildActionMask = 2147483647;
			files = (
			);
			runOnlyForDeploymentPostprocessing = 0;
		};
		DB0A0D6926B19DAD0032297B /* Frameworks */ = {
			isa = PBXFrameworksBuildPhase;
			buildActionMask = 2147483647;
			files = (
			);
			runOnlyForDeploymentPostprocessing = 0;
		};
		DB0A0D7326B19DAD0032297B /* Frameworks */ = {
			isa = PBXFrameworksBuildPhase;
			buildActionMask = 2147483647;
			files = (
			);
			runOnlyForDeploymentPostprocessing = 0;
		};
/* End PBXFrameworksBuildPhase section */

/* Begin PBXGroup section */
		DB0A0D4A26B19DAB0032297B = {
			isa = PBXGroup;
			children = (
				DB0A0D5526B19DAB0032297B /* StoryBoardIntro */,
				DB0A0D6F26B19DAD0032297B /* StoryBoardIntroTests */,
				DB0A0D7926B19DAD0032297B /* StoryBoardIntroUITests */,
				DB0A0D5426B19DAB0032297B /* Products */,
			);
			sourceTree = "<group>";
		};
		DB0A0D5426B19DAB0032297B /* Products */ = {
			isa = PBXGroup;
			children = (
				DB0A0D5326B19DAB0032297B /* StoryBoardIntro.app */,
				DB0A0D6C26B19DAD0032297B /* StoryBoardIntroTests.xctest */,
				DB0A0D7626B19DAD0032297B /* StoryBoardIntroUITests.xctest */,
			);
			name = Products;
			sourceTree = "<group>";
		};
		DB0A0D5526B19DAB0032297B /* StoryBoardIntro */ = {
			isa = PBXGroup;
			children = (
				DB0A0D5626B19DAB0032297B /* AppDelegate.swift */,
				DB0A0D5826B19DAB0032297B /* SceneDelegate.swift */,
				DB0A0D5A26B19DAB0032297B /* ViewController.swift */,
				DB0A0D5C26B19DAB0032297B /* Main.storyboard */,
				DB0A0D6226B19DAD0032297B /* Assets.xcassets */,
				DB0A0D6426B19DAD0032297B /* LaunchScreen.storyboard */,
				DB0A0D6726B19DAD0032297B /* Info.plist */,
				DB0A0D5F26B19DAB0032297B /* StoryBoardIntro.xcdatamodeld */,
			);
			path = StoryBoardIntro;
			sourceTree = "<group>";
		};
		DB0A0D6F26B19DAD0032297B /* StoryBoardIntroTests */ = {
			isa = PBXGroup;
			children = (
				DB0A0D7026B19DAD0032297B /* StoryBoardIntroTests.swift */,
			);
			path = StoryBoardIntroTests;
			sourceTree = "<group>";
		};
		DB0A0D7926B19DAD0032297B /* StoryBoardIntroUITests */ = {
			isa = PBXGroup;
			children = (
				DB0A0D7A26B19DAD0032297B /* StoryBoardIntroUITests.swift */,
			);
			path = StoryBoardIntroUITests;
			sourceTree = "<group>";
		};
/* End PBXGroup section */

/* Begin PBXNativeTarget section */
		DB0A0D5226B19DAB0032297B /* StoryBoardIntro */ = {
			isa = PBXNativeTarget;
			buildConfigurationList = DB0A0D7E26B19DAD0032297B /* Build configuration list for PBXNativeTarget "StoryBoardIntro" */;
			buildPhases = (
				DB0A0D4F26B19DAB0032297B /* Sources */,
				DB0A0D5026B19DAB0032297B /* Frameworks */,
				DB0A0D5126B19DAB0032297B /* Resources */,
			);
			buildRules = (
			);
			dependencies = (
			);
			name = StoryBoardIntro;
			productName = StoryBoardIntro;
			productReference = DB0A0D5326B19DAB0032297B /* StoryBoardIntro.app */;
			productType = "com.apple.product-type.application";
		};
		DB0A0D6B26B19DAD0032297B /* StoryBoardIntroTests */ = {
			isa = PBXNativeTarget;
			buildConfigurationList = DB0A0D8126B19DAD0032297B /* Build configuration list for PBXNativeTarget "StoryBoardIntroTests" */;
			buildPhases = (
				DB0A0D6826B19DAD0032297B /* Sources */,
				DB0A0D6926B19DAD0032297B /* Frameworks */,
				DB0A0D6A26B19DAD0032297B /* Resources */,
			);
			buildRules = (
			);
			dependencies = (
				DB0A0D6E26B19DAD0032297B /* PBXTargetDependency */,
			);
			name = StoryBoardIntroTests;
			productName = StoryBoardIntroTests;
			productReference = DB0A0D6C26B19DAD0032297B /* StoryBoardIntroTests.xctest */;
			productType = "com.apple.product-type.bundle.unit-test";
		};
		DB0A0D7526B19DAD0032297B /* StoryBoardIntroUITests */ = {
			isa = PBXNativeTarget;
			buildConfigurationList = DB0A0D8426B19DAD0032297B /* Build configuration list for PBXNativeTarget "StoryBoardIntroUITests" */;
			buildPhases = (
				DB0A0D7226B19DAD0032297B /* Sources */,
				DB0A0D7326B19DAD0032297B /* Frameworks */,
				DB0A0D7426B19DAD0032297B /* Resources */,
			);
			buildRules = (
			);
			dependencies = (
				DB0A0D7826B19DAD0032297B /* PBXTargetDependency */,
			);
			name = StoryBoardIntroUITests;
			productName = StoryBoardIntroUITests;
			productReference = DB0A0D7626B19DAD0032297B /* StoryBoardIntroUITests.xctest */;
			productType = "com.apple.product-type.bundle.ui-testing";
		};
/* End PBXNativeTarget section */

/* Begin PBXProject section */
		DB0A0D4B26B19DAB0032297B /* Project object */ = {
			isa = PBXProject;
			attributes = {
				BuildIndependentTargetsInParallel = 1;
				LastSwiftUpdateCheck = 1300;
				LastUpgradeCheck = 1300;
				TargetAttributes = {
					DB0A0D5226B19DAB0032297B = {
						CreatedOnToolsVersion = 13.0;
					};
					DB0A0D6B26B19DAD0032297B = {
						CreatedOnToolsVersion = 13.0;
						TestTargetID = DB0A0D5226B19DAB0032297B;
					};
					DB0A0D7526B19DAD0032297B = {
						CreatedOnToolsVersion = 13.0;
						TestTargetID = DB0A0D5226B19DAB0032297B;
					};
				};
			};
			buildConfigurationList = DB0A0D4E26B19DAB0032297B /* Build configuration list for PBXProject "StoryBoardIntro" */;
			compatibilityVersion = "Xcode 13.0";
			developmentRegion = en;
			hasScannedForEncodings = 0;
			knownRegions = (
				en,
				Base,
			);
			mainGroup = DB0A0D4A26B19DAB0032297B;
			productRefGroup = DB0A0D5426B19DAB0032297B /* Products */;
			projectDirPath = "";
			projectRoot = "";
			targets = (
				DB0A0D5226B19DAB0032297B /* StoryBoardIntro */,
				DB0A0D6B26B19DAD0032297B /* StoryBoardIntroTests */,
				DB0A0D7526B19DAD0032297B /* StoryBoardIntroUITests */,
			);
		};
/* End PBXProject section */

/* Begin PBXResourcesBuildPhase section */
		DB0A0D5126B19DAB0032297B /* Resources */ = {
			isa = PBXResourcesBuildPhase;
			buildActionMask = 2147483647;
			files = (
				DB0A0D6626B19DAD0032297B /* LaunchScreen.storyboard in Resources */,
				DB0A0D6326B19DAD0032297B /* Assets.xcassets in Resources */,
				DB0A0D5E26B19DAB0032297B /* Main.storyboard in Resources */,
			);
			runOnlyForDeploymentPostprocessing = 0;
		};
		DB0A0D6A26B19DAD0032297B /* Resources */ = {
			isa = PBXResourcesBuildPhase;
			buildActionMask = 2147483647;
			files = (
			);
			runOnlyForDeploymentPostprocessing = 0;
		};
		DB0A0D7426B19DAD0032297B /* Resources */ = {
			isa = PBXResourcesBuildPhase;
			buildActionMask = 2147483647;
			files = (
			);
			runOnlyForDeploymentPostprocessing = 0;
		};
/* End PBXResourcesBuildPhase section */

/* Begin PBXSourcesBuildPhase section */
		DB0A0D4F26B19DAB0032297B /* Sources */ = {
			isa = PBXSourcesBuildPhase;
			buildActionMask = 2147483647;
			files = (
				DB0A0D5B26B19DAB0032297B /* ViewController.swift in Sources */,
				DB0A0D6126B19DAB0032297B /* StoryBoardIntro.xcdatamodeld in Sources */,
				DB0A0D5726B19DAB0032297B /* AppDelegate.swift in Sources */,
				DB0A0D5926B19DAB0032297B /* SceneDelegate.swift in Sources */,
			);
			runOnlyForDeploymentPostprocessing = 0;
		};
		DB0A0D6826B19DAD0032297B /* Sources */ = {
			isa = PBXSourcesBuildPhase;
			buildActionMask = 2147483647;
			files = (
				DB0A0D7126B19DAD0032297B /* StoryBoardIntroTests.swift in Sources */,
			);
			runOnlyForDeploymentPostprocessing = 0;
		};
		DB0A0D7226B19DAD0032297B /* Sources */ = {
			isa = PBXSourcesBuildPhase;
			buildActionMask = 2147483647;
			files = (
				DB0A0D7B26B19DAD0032297B /* StoryBoardIntroUITests.swift in Sources */,
			);
			runOnlyForDeploymentPostprocessing = 0;
		};
/* End PBXSourcesBuildPhase section */

/* Begin PBXTargetDependency section */
		DB0A0D6E26B19DAD0032297B /* PBXTargetDependency */ = {
			isa = PBXTargetDependency;
			target = DB0A0D5226B19DAB0032297B /* StoryBoardIntro */;
			targetProxy = DB0A0D6D26B19DAD0032297B /* PBXContainerItemProxy */;
		};
		DB0A0D7826B19DAD0032297B /* PBXTargetDependency */ = {
			isa = PBXTargetDependency;
			target = DB0A0D5226B19DAB0032297B /* StoryBoardIntro */;
			targetProxy = DB0A0D7726B19DAD0032297B /* PBXContainerItemProxy */;
		};
/* End PBXTargetDependency section */

/* Begin PBXVariantGroup section */
		DB0A0D5C26B19DAB0032297B /* Main.storyboard */ = {
			isa = PBXVariantGroup;
			children = (
				DB0A0D5D26B19DAB0032297B /* Base */,
			);
			name = Main.storyboard;
			sourceTree = "<group>";
		};
		DB0A0D6426B19DAD0032297B /* LaunchScreen.storyboard */ = {
			isa = PBXVariantGroup;
			children = (
				DB0A0D6526B19DAD0032297B /* Base */,
			);
			name = LaunchScreen.storyboard;
			sourceTree = "<group>";
		};
/* End PBXVariantGroup section */

/* Begin XCBuildConfiguration section */
		DB0A0D7C26B19DAD0032297B /* Debug */ = {
			isa = XCBuildConfiguration;
			buildSettings = {
				ALWAYS_SEARCH_USER_PATHS = NO;
				CLANG_ANALYZER_NONNULL = YES;
				CLANG_ANALYZER_NUMBER_OBJECT_CONVERSION = YES_AGGRESSIVE;
				CLANG_CXX_LANGUAGE_STANDARD = "gnu++17";
				CLANG_CXX_LIBRARY = "libc++";
				CLANG_ENABLE_MODULES = YES;
				CLANG_ENABLE_OBJC_ARC = YES;
				CLANG_ENABLE_OBJC_WEAK = YES;
				CLANG_WARN_BLOCK_CAPTURE_AUTORELEASING = YES;
				CLANG_WARN_BOOL_CONVERSION = YES;
				CLANG_WARN_COMMA = YES;
				CLANG_WARN_CONSTANT_CONVERSION = YES;
				CLANG_WARN_DEPRECATED_OBJC_IMPLEMENTATIONS = YES;
				CLANG_WARN_DIRECT_OBJC_ISA_USAGE = YES_ERROR;
				CLANG_WARN_DOCUMENTATION_COMMENTS = YES;
				CLANG_WARN_EMPTY_BODY = YES;
				CLANG_WARN_ENUM_CONVERSION = YES;
				CLANG_WARN_INFINITE_RECURSION = YES;
				CLANG_WARN_INT_CONVERSION = YES;
				CLANG_WARN_NON_LITERAL_NULL_CONVERSION = YES;
				CLANG_WARN_OBJC_IMPLICIT_RETAIN_SELF = YES;
				CLANG_WARN_OBJC_LITERAL_CONVERSION = YES;
				CLANG_WARN_OBJC_ROOT_CLASS = YES_ERROR;
				CLANG_WARN_QUOTED_INCLUDE_IN_FRAMEWORK_HEADER = YES;
				CLANG_WARN_RANGE_LOOP_ANALYSIS = YES;
				CLANG_WARN_STRICT_PROTOTYPES = YES;
				CLANG_WARN_SUSPICIOUS_MOVE = YES;
				CLANG_WARN_UNGUARDED_AVAILABILITY = YES_AGGRESSIVE;
				CLANG_WARN_UNREACHABLE_CODE = YES;
				CLANG_WARN__DUPLICATE_METHOD_MATCH = YES;
				COPY_PHASE_STRIP = NO;
				DEBUG_INFORMATION_FORMAT = dwarf;
				ENABLE_STRICT_OBJC_MSGSEND = YES;
				ENABLE_TESTABILITY = YES;
				GCC_C_LANGUAGE_STANDARD = gnu11;
				GCC_DYNAMIC_NO_PIC = NO;
				GCC_NO_COMMON_BLOCKS = YES;
				GCC_OPTIMIZATION_LEVEL = 0;
				GCC_PREPROCESSOR_DEFINITIONS = (
					"DEBUG=1",
					"$(inherited)",
				);
				GCC_WARN_64_TO_32_BIT_CONVERSION = YES;
				GCC_WARN_ABOUT_RETURN_TYPE = YES_ERROR;
				GCC_WARN_UNDECLARED_SELECTOR = YES;
				GCC_WARN_UNINITIALIZED_AUTOS = YES_AGGRESSIVE;
				GCC_WARN_UNUSED_FUNCTION = YES;
				GCC_WARN_UNUSED_VARIABLE = YES;
				IPHONEOS_DEPLOYMENT_TARGET = 15.0;
				MTL_ENABLE_DEBUG_INFO = INCLUDE_SOURCE;
				MTL_FAST_MATH = YES;
				ONLY_ACTIVE_ARCH = YES;
				SDKROOT = iphoneos;
				SWIFT_ACTIVE_COMPILATION_CONDITIONS = DEBUG;
				SWIFT_OPTIMIZATION_LEVEL = "-Onone";
			};
			name = Debug;
		};
		DB0A0D7D26B19DAD0032297B /* Release */ = {
			isa = XCBuildConfiguration;
			buildSettings = {
				ALWAYS_SEARCH_USER_PATHS = NO;
				CLANG_ANALYZER_NONNULL = YES;
				CLANG_ANALYZER_NUMBER_OBJECT_CONVERSION = YES_AGGRESSIVE;
				CLANG_CXX_LANGUAGE_STANDARD = "gnu++17";
				CLANG_CXX_LIBRARY = "libc++";
				CLANG_ENABLE_MODULES = YES;
				CLANG_ENABLE_OBJC_ARC = YES;
				CLANG_ENABLE_OBJC_WEAK = YES;
				CLANG_WARN_BLOCK_CAPTURE_AUTORELEASING = YES;
				CLANG_WARN_BOOL_CONVERSION = YES;
				CLANG_WARN_COMMA = YES;
				CLANG_WARN_CONSTANT_CONVERSION = YES;
				CLANG_WARN_DEPRECATED_OBJC_IMPLEMENTATIONS = YES;
				CLANG_WARN_DIRECT_OBJC_ISA_USAGE = YES_ERROR;
				CLANG_WARN_DOCUMENTATION_COMMENTS = YES;
				CLANG_WARN_EMPTY_BODY = YES;
				CLANG_WARN_ENUM_CONVERSION = YES;
				CLANG_WARN_INFINITE_RECURSION = YES;
				CLANG_WARN_INT_CONVERSION = YES;
				CLANG_WARN_NON_LITERAL_NULL_CONVERSION = YES;
				CLANG_WARN_OBJC_IMPLICIT_RETAIN_SELF = YES;
				CLANG_WARN_OBJC_LITERAL_CONVERSION = YES;
				CLANG_WARN_OBJC_ROOT_CLASS = YES_ERROR;
				CLANG_WARN_QUOTED_INCLUDE_IN_FRAMEWORK_HEADER = YES;
				CLANG_WARN_RANGE_LOOP_ANALYSIS = YES;
				CLANG_WARN_STRICT_PROTOTYPES = YES;
				CLANG_WARN_SUSPICIOUS_MOVE = YES;
				CLANG_WARN_UNGUARDED_AVAILABILITY = YES_AGGRESSIVE;
				CLANG_WARN_UNREACHABLE_CODE = YES;
				CLANG_WARN__DUPLICATE_METHOD_MATCH = YES;
				COPY_PHASE_STRIP = NO;
				DEBUG_INFORMATION_FORMAT = "dwarf-with-dsym";
				ENABLE_NS_ASSERTIONS = NO;
				ENABLE_STRICT_OBJC_MSGSEND = YES;
				GCC_C_LANGUAGE_STANDARD = gnu11;
				GCC_NO_COMMON_BLOCKS = YES;
				GCC_WARN_64_TO_32_BIT_CONVERSION = YES;
				GCC_WARN_ABOUT_RETURN_TYPE = YES_ERROR;
				GCC_WARN_UNDECLARED_SELECTOR = YES;
				GCC_WARN_UNINITIALIZED_AUTOS = YES_AGGRESSIVE;
				GCC_WARN_UNUSED_FUNCTION = YES;
				GCC_WARN_UNUSED_VARIABLE = YES;
				IPHONEOS_DEPLOYMENT_TARGET = 15.0;
				MTL_ENABLE_DEBUG_INFO = NO;
				MTL_FAST_MATH = YES;
				SDKROOT = iphoneos;
				SWIFT_COMPILATION_MODE = wholemodule;
				SWIFT_OPTIMIZATION_LEVEL = "-O";
				VALIDATE_PRODUCT = YES;
			};
			name = Release;
		};
		DB0A0D7F26B19DAD0032297B /* Debug */ = {
			isa = XCBuildConfiguration;
			buildSettings = {
				ASSETCATALOG_COMPILER_APPICON_NAME = AppIcon;
				ASSETCATALOG_COMPILER_GLOBAL_ACCENT_COLOR_NAME = AccentColor;
				CODE_SIGN_STYLE = Automatic;
				CURRENT_PROJECT_VERSION = 1;
				GENERATE_INFOPLIST_FILE = YES;
				INFOPLIST_FILE = StoryBoardIntro/Info.plist;
				INFOPLIST_KEY_CFBundleDisplayName = StoryBoardIntro;
				INFOPLIST_KEY_UIApplicationSupportsIndirectInputEvents = YES;
				INFOPLIST_KEY_UILaunchStoryboardName = LaunchScreen;
				INFOPLIST_KEY_UIMainStoryboardFile = Main;
				INFOPLIST_KEY_UISupportedInterfaceOrientations_iPad = "UIInterfaceOrientationPortrait UIInterfaceOrientationPortraitUpsideDown UIInterfaceOrientationLandscapeLeft UIInterfaceOrientationLandscapeRight";
				INFOPLIST_KEY_UISupportedInterfaceOrientations_iPhone = "UIInterfaceOrientationPortrait UIInterfaceOrientationLandscapeLeft UIInterfaceOrientationLandscapeRight";
				LD_RUNPATH_SEARCH_PATHS = (
					"$(inherited)",
					"@executable_path/Frameworks",
				);
				MARKETING_VERSION = 1.0;
				PRODUCT_BUNDLE_IDENTIFIER = "Srija-Ghosh--KWK.StoryBoardIntro";
				PRODUCT_NAME = "$(TARGET_NAME)";
				SWIFT_EMIT_LOC_STRINGS = YES;
				SWIFT_VERSION = 5.0;
				TARGETED_DEVICE_FAMILY = "1,2";
			};
			name = Debug;
		};
		DB0A0D8026B19DAD0032297B /* Release */ = {
			isa = XCBuildConfiguration;
			buildSettings = {
				ASSETCATALOG_COMPILER_APPICON_NAME = AppIcon;
				ASSETCATALOG_COMPILER_GLOBAL_ACCENT_COLOR_NAME = AccentColor;
				CODE_SIGN_STYLE = Automatic;
				CURRENT_PROJECT_VERSION = 1;
				GENERATE_INFOPLIST_FILE = YES;
				INFOPLIST_FILE = StoryBoardIntro/Info.plist;
				INFOPLIST_KEY_CFBundleDisplayName = StoryBoardIntro;
				INFOPLIST_KEY_UIApplicationSupportsIndirectInputEvents = YES;
				INFOPLIST_KEY_UILaunchStoryboardName = LaunchScreen;
				INFOPLIST_KEY_UIMainStoryboardFile = Main;
				INFOPLIST_KEY_UISupportedInterfaceOrientations_iPad = "UIInterfaceOrientationPortrait UIInterfaceOrientationPortraitUpsideDown UIInterfaceOrientationLandscapeLeft UIInterfaceOrientationLandscapeRight";
				INFOPLIST_KEY_UISupportedInterfaceOrientations_iPhone = "UIInterfaceOrientationPortrait UIInterfaceOrientationLandscapeLeft UIInterfaceOrientationLandscapeRight";
				LD_RUNPATH_SEARCH_PATHS = (
					"$(inherited)",
					"@executable_path/Frameworks",
				);
				MARKETING_VERSION = 1.0;
				PRODUCT_BUNDLE_IDENTIFIER = "Srija-Ghosh--KWK.StoryBoardIntro";
				PRODUCT_NAME = "$(TARGET_NAME)";
				SWIFT_EMIT_LOC_STRINGS = YES;
				SWIFT_VERSION = 5.0;
				TARGETED_DEVICE_FAMILY = "1,2";
			};
			name = Release;
		};
		DB0A0D8226B19DAD0032297B /* Debug */ = {
			isa = XCBuildConfiguration;
			buildSettings = {
				ALWAYS_EMBED_SWIFT_STANDARD_LIBRARIES = YES;
				BUNDLE_LOADER = "$(TEST_HOST)";
				CODE_SIGN_STYLE = Automatic;
				CURRENT_PROJECT_VERSION = 1;
				GENERATE_INFOPLIST_FILE = YES;
				IPHONEOS_DEPLOYMENT_TARGET = 15.0;
				LD_RUNPATH_SEARCH_PATHS = (
					"$(inherited)",
					"@executable_path/Frameworks",
					"@loader_path/Frameworks",
				);
				MARKETING_VERSION = 1.0;
				PRODUCT_BUNDLE_IDENTIFIER = "Srija-Ghosh--KWK.StoryBoardIntroTests";
				PRODUCT_NAME = "$(TARGET_NAME)";
				SWIFT_EMIT_LOC_STRINGS = NO;
				SWIFT_VERSION = 5.0;
				TARGETED_DEVICE_FAMILY = "1,2";
				TEST_HOST = "$(BUILT_PRODUCTS_DIR)/StoryBoardIntro.app/StoryBoardIntro";
			};
			name = Debug;
		};
		DB0A0D8326B19DAD0032297B /* Release */ = {
			isa = XCBuildConfiguration;
			buildSettings = {
				ALWAYS_EMBED_SWIFT_STANDARD_LIBRARIES = YES;
				BUNDLE_LOADER = "$(TEST_HOST)";
				CODE_SIGN_STYLE = Automatic;
				CURRENT_PROJECT_VERSION = 1;
				GENERATE_INFOPLIST_FILE = YES;
				IPHONEOS_DEPLOYMENT_TARGET = 15.0;
				LD_RUNPATH_SEARCH_PATHS = (
					"$(inherited)",
					"@executable_path/Frameworks",
					"@loader_path/Frameworks",
				);
				MARKETING_VERSION = 1.0;
				PRODUCT_BUNDLE_IDENTIFIER = "Srija-Ghosh--KWK.StoryBoardIntroTests";
				PRODUCT_NAME = "$(TARGET_NAME)";
				SWIFT_EMIT_LOC_STRINGS = NO;
				SWIFT_VERSION = 5.0;
				TARGETED_DEVICE_FAMILY = "1,2";
				TEST_HOST = "$(BUILT_PRODUCTS_DIR)/StoryBoardIntro.app/StoryBoardIntro";
			};
			name = Release;
		};
		DB0A0D8526B19DAD0032297B /* Debug */ = {
			isa = XCBuildConfiguration;
			buildSettings = {
				ALWAYS_EMBED_SWIFT_STANDARD_LIBRARIES = YES;
				CODE_SIGN_STYLE = Automatic;
				CURRENT_PROJECT_VERSION = 1;
				GENERATE_INFOPLIST_FILE = YES;
				LD_RUNPATH_SEARCH_PATHS = (
					"$(inherited)",
					"@executable_path/Frameworks",
					"@loader_path/Frameworks",
				);
				MARKETING_VERSION = 1.0;
				PRODUCT_BUNDLE_IDENTIFIER = "Srija-Ghosh--KWK.StoryBoardIntroUITests";
				PRODUCT_NAME = "$(TARGET_NAME)";
				SWIFT_EMIT_LOC_STRINGS = NO;
				SWIFT_VERSION = 5.0;
				TARGETED_DEVICE_FAMILY = "1,2";
				TEST_TARGET_NAME = StoryBoardIntro;
			};
			name = Debug;
		};
		DB0A0D8626B19DAD0032297B /* Release */ = {
			isa = XCBuildConfiguration;
			buildSettings = {
				ALWAYS_EMBED_SWIFT_STANDARD_LIBRARIES = YES;
				CODE_SIGN_STYLE = Automatic;
				CURRENT_PROJECT_VERSION = 1;
				GENERATE_INFOPLIST_FILE = YES;
				LD_RUNPATH_SEARCH_PATHS = (
					"$(inherited)",
					"@executable_path/Frameworks",
					"@loader_path/Frameworks",
				);
				MARKETING_VERSION = 1.0;
				PRODUCT_BUNDLE_IDENTIFIER = "Srija-Ghosh--KWK.StoryBoardIntroUITests";
				PRODUCT_NAME = "$(TARGET_NAME)";
				SWIFT_EMIT_LOC_STRINGS = NO;
				SWIFT_VERSION = 5.0;
				TARGETED_DEVICE_FAMILY = "1,2";
				TEST_TARGET_NAME = StoryBoardIntro;
			};
			name = Release;
		};
/* End XCBuildConfiguration section */

/* Begin XCConfigurationList section */
		DB0A0D4E26B19DAB0032297B /* Build configuration list for PBXProject "StoryBoardIntro" */ = {
			isa = XCConfigurationList;
			buildConfigurations = (
				DB0A0D7C26B19DAD0032297B /* Debug */,
				DB0A0D7D26B19DAD0032297B /* Release */,
			);
			defaultConfigurationIsVisible = 0;
			defaultConfigurationName = Release;
		};
		DB0A0D7E26B19DAD0032297B /* Build configuration list for PBXNativeTarget "StoryBoardIntro" */ = {
			isa = XCConfigurationList;
			buildConfigurations = (
				DB0A0D7F26B19DAD0032297B /* Debug */,
				DB0A0D8026B19DAD0032297B /* Release */,
			);
			defaultConfigurationIsVisible = 0;
			defaultConfigurationName = Release;
		};
		DB0A0D8126B19DAD0032297B /* Build configuration list for PBXNativeTarget "StoryBoardIntroTests" */ = {
			isa = XCConfigurationList;
			buildConfigurations = (
				DB0A0D8226B19DAD0032297B /* Debug */,
				DB0A0D8326B19DAD0032297B /* Release */,
			);
			defaultConfigurationIsVisible = 0;
			defaultConfigurationName = Release;
		};
		DB0A0D8426B19DAD0032297B /* Build configuration list for PBXNativeTarget "StoryBoardIntroUITests" */ = {
			isa = XCConfigurationList;
			buildConfigurations = (
				DB0A0D8526B19DAD0032297B /* Debug */,
				DB0A0D8626B19DAD0032297B /* Release */,
			);
			defaultConfigurationIsVisible = 0;
			defaultConfigurationName = Release;
		};
/* End XCConfigurationList section */

/* Begin XCVersionGroup section */
		DB0A0D5F26B19DAB0032297B /* StoryBoardIntro.xcdatamodeld */ = {
			isa = XCVersionGroup;
			children = (
				DB0A0D6026B19DAB0032297B /* StoryBoardIntro.xcdatamodel */,
			);
			currentVersion = DB0A0D6026B19DAB0032297B /* StoryBoardIntro.xcdatamodel */;
			path = StoryBoardIntro.xcdatamodeld;
			sourceTree = "<group>";
			versionGroupType = wrapper.xcdatamodel;
		};
/* End XCVersionGroup section */
	};
	rootObject = DB0A0D4B26B19DAB0032297B /* Project object */;
}
